
Microsoft Visual Studio Solution File, Format Version 12.00
# Visual Studio Version 17
VisualStudioVersion = 17.2.32630.192
MinimumVisualStudioVersion = 10.0.40219.1
Project("{2150E333-8FDC-42A3-9474-1A3956D46DE8}") = "Services", "Services", "{01F82106-F965-4546-8CF3-119D8B8F6E5C}"
EndProject
Project("{2150E333-8FDC-42A3-9474-1A3956D46DE8}") = "FrontEnd", "FrontEnd", "{479D8355-E497-4F15-816D-DFC03BBC7E36}"
EndProject
Project("{9A19103F-16F7-4668-BE54-9A1E7A4F7556}") = "GeekShopping.Web", "GeekShopping.Web\GeekShopping.Web.csproj", "{34D00DB2-79AB-4D02-A578-9EE6D52A713A}"
EndProject
Project("{9A19103F-16F7-4668-BE54-9A1E7A4F7556}") = "GeekShopping.ProductAPI", "GeekShopping.ProductAPI\GeekShopping.ProductAPI.csproj", "{4C7FACE8-5293-41F0-8D70-95A209B23691}"
EndProject
Project("{9A19103F-16F7-4668-BE54-9A1E7A4F7556}") = "GeekShopping.IdentityServer", "GeekShopping.IdentityServer\GeekShopping.IdentityServer.csproj", "{668B2636-5273-407F-8469-578F5125FC1D}"
EndProject
Project("{9A19103F-16F7-4668-BE54-9A1E7A4F7556}") = "GeekShopping.CartAPI", "GeekShopping.CartAPI\GeekShopping.CartAPI.csproj", "{B1E3C4DE-2D9B-48EA-BC41-BAEF97E7DFEF}"
EndProject
Project("{9A19103F-16F7-4668-BE54-9A1E7A4F7556}") = "GeekShopping.CouponAPI", "GeekShopping.CouponAPI\GeekShopping.CouponAPI.csproj", "{963B2CAC-136B-4DFF-BE06-1D0FFA1C3431}"
EndProject
Project("{2150E333-8FDC-42A3-9474-1A3956D46DE8}") = "Solution Items", "Solution Items", "{40171B25-B8E9-47A9-ABF4-AB11FD909A10}"
	ProjectSection(SolutionItems) = preProject
		.editorconfig = .editorconfig
	EndProjectSection
EndProject
Project("{2150E333-8FDC-42A3-9474-1A3956D46DE8}") = "Integration", "Integration", "{3A22C2C8-69EB-4545-ABFB-BF34EAB97458}"
EndProject
Project("{9A19103F-16F7-4668-BE54-9A1E7A4F7556}") = "GeekShopping.MessageBus", "GeekShopping.MessageBus\GeekShopping.MessageBus.csproj", "{CC06D66A-EE41-441D-95D2-54CBD0387549}"
EndProject
Project("{9A19103F-16F7-4668-BE54-9A1E7A4F7556}") = "GeekShopping.OrderAPI", "GeekShopping.OrderAPI\GeekShopping.OrderAPI.csproj", "{A6324C87-8411-42BE-9383-C0B5FDEE9BD4}"
EndProject
Project("{2150E333-8FDC-42A3-9474-1A3956D46DE8}") = "Payments", "Payments", "{51B7C107-71B3-4716-94BB-69ECAAA5432E}"
EndProject
Project("{9A19103F-16F7-4668-BE54-9A1E7A4F7556}") = "GeekShopping.PaymentProcessor", "GeekShopping.PaymentProcessor\GeekShopping.PaymentProcessor.csproj", "{5BDAA9F4-D6BD-4169-9D47-4AC703A529C1}"
EndProject
Project("{FAE04EC0-301F-11D3-BF4B-00C04F79EFBC}") = "GeekShopping.PaymentAPI", "GeekShopping.PaymentAPI\GeekShopping.PaymentAPI.csproj", "{DBEF68BE-58CF-4D12-B33C-3DE3A0825941}"
EndProject
Global
	GlobalSection(SolutionConfigurationPlatforms) = preSolution
		Debug|Any CPU = Debug|Any CPU
		Release|Any CPU = Release|Any CPU
	EndGlobalSection
	GlobalSection(ProjectConfigurationPlatforms) = postSolution
		{34D00DB2-79AB-4D02-A578-9EE6D52A713A}.Debug|Any CPU.ActiveCfg = Debug|Any CPU
		{34D00DB2-79AB-4D02-A578-9EE6D52A713A}.Debug|Any CPU.Build.0 = Debug|Any CPU
		{34D00DB2-79AB-4D02-A578-9EE6D52A713A}.Release|Any CPU.ActiveCfg = Release|Any CPU
		{34D00DB2-79AB-4D02-A578-9EE6D52A713A}.Release|Any CPU.Build.0 = Release|Any CPU
		{4C7FACE8-5293-41F0-8D70-95A209B23691}.Debug|Any CPU.ActiveCfg = Debug|Any CPU
		{4C7FACE8-5293-41F0-8D70-95A209B23691}.Debug|Any CPU.Build.0 = Debug|Any CPU
		{4C7FACE8-5293-41F0-8D70-95A209B23691}.Release|Any CPU.ActiveCfg = Release|Any CPU
		{4C7FACE8-5293-41F0-8D70-95A209B23691}.Release|Any CPU.Build.0 = Release|Any CPU
		{668B2636-5273-407F-8469-578F5125FC1D}.Debug|Any CPU.ActiveCfg = Debug|Any CPU
		{668B2636-5273-407F-8469-578F5125FC1D}.Debug|Any CPU.Build.0 = Debug|Any CPU
		{668B2636-5273-407F-8469-578F5125FC1D}.Release|Any CPU.ActiveCfg = Release|Any CPU
		{668B2636-5273-407F-8469-578F5125FC1D}.Release|Any CPU.Build.0 = Release|Any CPU
		{B1E3C4DE-2D9B-48EA-BC41-BAEF97E7DFEF}.Debug|Any CPU.ActiveCfg = Debug|Any CPU
		{B1E3C4DE-2D9B-48EA-BC41-BAEF97E7DFEF}.Debug|Any CPU.Build.0 = Debug|Any CPU
		{B1E3C4DE-2D9B-48EA-BC41-BAEF97E7DFEF}.Release|Any CPU.ActiveCfg = Release|Any CPU
		{B1E3C4DE-2D9B-48EA-BC41-BAEF97E7DFEF}.Release|Any CPU.Build.0 = Release|Any CPU
		{963B2CAC-136B-4DFF-BE06-1D0FFA1C3431}.Debug|Any CPU.ActiveCfg = Debug|Any CPU
		{963B2CAC-136B-4DFF-BE06-1D0FFA1C3431}.Debug|Any CPU.Build.0 = Debug|Any CPU
		{963B2CAC-136B-4DFF-BE06-1D0FFA1C3431}.Release|Any CPU.ActiveCfg = Release|Any CPU
		{963B2CAC-136B-4DFF-BE06-1D0FFA1C3431}.Release|Any CPU.Build.0 = Release|Any CPU
		{CC06D66A-EE41-441D-95D2-54CBD0387549}.Debug|Any CPU.ActiveCfg = Debug|Any CPU
		{CC06D66A-EE41-441D-95D2-54CBD0387549}.Debug|Any CPU.Build.0 = Debug|Any CPU
		{CC06D66A-EE41-441D-95D2-54CBD0387549}.Release|Any CPU.ActiveCfg = Release|Any CPU
		{CC06D66A-EE41-441D-95D2-54CBD0387549}.Release|Any CPU.Build.0 = Release|Any CPU
		{A6324C87-8411-42BE-9383-C0B5FDEE9BD4}.Debug|Any CPU.ActiveCfg = Debug|Any CPU
		{A6324C87-8411-42BE-9383-C0B5FDEE9BD4}.Debug|Any CPU.Build.0 = Debug|Any CPU
		{A6324C87-8411-42BE-9383-C0B5FDEE9BD4}.Release|Any CPU.ActiveCfg = Release|Any CPU
		{A6324C87-8411-42BE-9383-C0B5FDEE9BD4}.Release|Any CPU.Build.0 = Release|Any CPU
		{5BDAA9F4-D6BD-4169-9D47-4AC703A529C1}.Debug|Any CPU.ActiveCfg = Debug|Any CPU
		{5BDAA9F4-D6BD-4169-9D47-4AC703A529C1}.Debug|Any CPU.Build.0 = Debug|Any CPU
		{5BDAA9F4-D6BD-4169-9D47-4AC703A529C1}.Release|Any CPU.ActiveCfg = Release|Any CPU
		{5BDAA9F4-D6BD-4169-9D47-4AC703A529C1}.Release|Any CPU.Build.0 = Release|Any CPU
		{DBEF68BE-58CF-4D12-B33C-3DE3A0825941}.Debug|Any CPU.ActiveCfg = Debug|Any CPU
		{DBEF68BE-58CF-4D12-B33C-3DE3A0825941}.Debug|Any CPU.Build.0 = Debug|Any CPU
		{DBEF68BE-58CF-4D12-B33C-3DE3A0825941}.Release|Any CPU.ActiveCfg = Release|Any CPU
		{DBEF68BE-58CF-4D12-B33C-3DE3A0825941}.Release|Any CPU.Build.0 = Release|Any CPU
	EndGlobalSection
	GlobalSection(SolutionProperties) = preSolution
		HideSolutionNode = FALSE
	EndGlobalSection
	GlobalSection(NestedProjects) = preSolution
		{34D00DB2-79AB-4D02-A578-9EE6D52A713A} = {479D8355-E497-4F15-816D-DFC03BBC7E36}
		{4C7FACE8-5293-41F0-8D70-95A209B23691} = {01F82106-F965-4546-8CF3-119D8B8F6E5C}
		{668B2636-5273-407F-8469-578F5125FC1D} = {01F82106-F965-4546-8CF3-119D8B8F6E5C}
		{B1E3C4DE-2D9B-48EA-BC41-BAEF97E7DFEF} = {01F82106-F965-4546-8CF3-119D8B8F6E5C}
		{963B2CAC-136B-4DFF-BE06-1D0FFA1C3431} = {01F82106-F965-4546-8CF3-119D8B8F6E5C}
		{CC06D66A-EE41-441D-95D2-54CBD0387549} = {3A22C2C8-69EB-4545-ABFB-BF34EAB97458}
		{A6324C87-8411-42BE-9383-C0B5FDEE9BD4} = {01F82106-F965-4546-8CF3-119D8B8F6E5C}
		{5BDAA9F4-D6BD-4169-9D47-4AC703A529C1} = {51B7C107-71B3-4716-94BB-69ECAAA5432E}
		{DBEF68BE-58CF-4D12-B33C-3DE3A0825941} = {01F82106-F965-4546-8CF3-119D8B8F6E5C}
	EndGlobalSection
	GlobalSection(ExtensibilityGlobals) = postSolution
		SolutionGuid = {6AAA5CD1-006F-419D-A25A-231EE47A7D1A}
	EndGlobalSection
EndGlobal
