
Microsoft Visual Studio Solution File, Format Version 12.00
# Visual Studio Version 17
VisualStudioVersion = 17.2.32630.192
MinimumVisualStudioVersion = 10.0.40219.1
Project("{2150E333-8FDC-42A3-9474-1A3956D46DE8}") = "Services", "Services", "{01F82106-F965-4546-8CF3-119D8B8F6E5C}"
EndProject
Project("{2150E333-8FDC-42A3-9474-1A3956D46DE8}") = "FrontEnd", "FrontEnd", "{479D8355-E497-4F15-816D-DFC03BBC7E36}"
EndProject
Project("{9A19103F-16F7-4668-BE54-9A1E7A4F7556}") = "GeekShopping.Web", "GeekShopping.Web\GeekShopping.Web.csproj", "{34D00DB2-79AB-4D02-A578-9EE6D52A713A}"
EndProject
Project("{9A19103F-16F7-4668-BE54-9A1E7A4F7556}") = "GeekShopping.ProductAPI", "GeekShopping.ProductAPI\GeekShopping.ProductAPI.csproj", "{4C7FACE8-5293-41F0-8D70-95A209B23691}"
EndProject
Project("{FAE04EC0-301F-11D3-BF4B-00C04F79EFBC}") = "GeekShopping.IdentityServer", "GeekShopping.IdentityServer\GeekShopping.IdentityServer.csproj", "{668B2636-5273-407F-8469-578F5125FC1D}"
EndProject
Global
	GlobalSection(SolutionConfigurationPlatforms) = preSolution
		Debug|Any CPU = Debug|Any CPU
		Release|Any CPU = Release|Any CPU
	EndGlobalSection
	GlobalSection(ProjectConfigurationPlatforms) = postSolution
		{34D00DB2-79AB-4D02-A578-9EE6D52A713A}.Debug|Any CPU.ActiveCfg = Debug|Any CPU
		{34D00DB2-79AB-4D02-A578-9EE6D52A713A}.Debug|Any CPU.Build.0 = Debug|Any CPU
		{34D00DB2-79AB-4D02-A578-9EE6D52A713A}.Release|Any CPU.ActiveCfg = Release|Any CPU
		{34D00DB2-79AB-4D02-A578-9EE6D52A713A}.Release|Any CPU.Build.0 = Release|Any CPU
		{4C7FACE8-5293-41F0-8D70-95A209B23691}.Debug|Any CPU.ActiveCfg = Debug|Any CPU
		{4C7FACE8-5293-41F0-8D70-95A209B23691}.Debug|Any CPU.Build.0 = Debug|Any CPU
		{4C7FACE8-5293-41F0-8D70-95A209B23691}.Release|Any CPU.ActiveCfg = Release|Any CPU
		{4C7FACE8-5293-41F0-8D70-95A209B23691}.Release|Any CPU.Build.0 = Release|Any CPU
		{668B2636-5273-407F-8469-578F5125FC1D}.Debug|Any CPU.ActiveCfg = Debug|Any CPU
		{668B2636-5273-407F-8469-578F5125FC1D}.Debug|Any CPU.Build.0 = Debug|Any CPU
		{668B2636-5273-407F-8469-578F5125FC1D}.Release|Any CPU.ActiveCfg = Release|Any CPU
		{668B2636-5273-407F-8469-578F5125FC1D}.Release|Any CPU.Build.0 = Release|Any CPU
	EndGlobalSection
	GlobalSection(SolutionProperties) = preSolution
		HideSolutionNode = FALSE
	EndGlobalSection
	GlobalSection(NestedProjects) = preSolution
		{34D00DB2-79AB-4D02-A578-9EE6D52A713A} = {479D8355-E497-4F15-816D-DFC03BBC7E36}
		{4C7FACE8-5293-41F0-8D70-95A209B23691} = {01F82106-F965-4546-8CF3-119D8B8F6E5C}
		{668B2636-5273-407F-8469-578F5125FC1D} = {01F82106-F965-4546-8CF3-119D8B8F6E5C}
	EndGlobalSection
	GlobalSection(ExtensibilityGlobals) = postSolution
		SolutionGuid = {6AAA5CD1-006F-419D-A25A-231EE47A7D1A}
	EndGlobalSection
EndGlobal
